
Microsoft Visual Studio Solution File, Format Version 12.00
# Visual Studio Version 17
VisualStudioVersion = 17.3.32929.385
MinimumVisualStudioVersion = 10.0.40219.1
Project("{FAE04EC0-301F-11D3-BF4B-00C04F79EFBC}") = "06. Number in Range", "06. Number in Range.csproj", "{5882D54B-D355-4609-96A4-88B1F87C7940}"
EndProject
Global
	GlobalSection(SolutionConfigurationPlatforms) = preSolution
		Debug|Any CPU = Debug|Any CPU
		Release|Any CPU = Release|Any CPU
	EndGlobalSection
	GlobalSection(ProjectConfigurationPlatforms) = postSolution
		{5882D54B-D355-4609-96A4-88B1F87C7940}.Debug|Any CPU.ActiveCfg = Debug|Any CPU
		{5882D54B-D355-4609-96A4-88B1F87C7940}.Debug|Any CPU.Build.0 = Debug|Any CPU
		{5882D54B-D355-4609-96A4-88B1F87C7940}.Release|Any CPU.ActiveCfg = Release|Any CPU
		{5882D54B-D355-4609-96A4-88B1F87C7940}.Release|Any CPU.Build.0 = Release|Any CPU
	EndGlobalSection
	GlobalSection(SolutionProperties) = preSolution
		HideSolutionNode = FALSE
	EndGlobalSection
	GlobalSection(ExtensibilityGlobals) = postSolution
		SolutionGuid = {FA7DC6CD-3236-456C-8A1B-4BE4D7D9A6FF}
	EndGlobalSection
EndGlobal
